{
  "name": "bcrpc",
  "version": "0.2.3",
  "lockfileVersion": 1,
  "requires": true,
  "dependencies": {
    "@types/node": {
      "version": "13.9.8",
      "resolved": "https://registry.npmjs.org/@types/node/-/node-13.9.8.tgz",
      "integrity": "sha512-1WgO8hsyHynlx7nhP1kr0OFzsgKz5XDQL+Lfc3b1Q3qIln/n8cKD4m09NJ0+P1Rq7Zgnc7N0+SsMnoD1rEb0kA==",
      "dev": true
    }
  }
}
